
Microsoft Visual Studio Solution File, Format Version 12.00
# Visual Studio Version 16
VisualStudioVersion = 16.0.29306.81
MinimumVisualStudioVersion = 10.0.40219.1
Project("{FAE04EC0-301F-11D3-BF4B-00C04F79EFBC}") = "Lab_2", "Lab_2.csproj", "{D96334DF-05AB-4865-8827-126C1A7E7D64}"
EndProject
Global
	GlobalSection(SolutionConfigurationPlatforms) = preSolution
		Debug|Any CPU = Debug|Any CPU
		Release|Any CPU = Release|Any CPU
	EndGlobalSection
	GlobalSection(ProjectConfigurationPlatforms) = postSolution
		{D96334DF-05AB-4865-8827-126C1A7E7D64}.Debug|Any CPU.ActiveCfg = Debug|Any CPU
		{D96334DF-05AB-4865-8827-126C1A7E7D64}.Debug|Any CPU.Build.0 = Debug|Any CPU
		{D96334DF-05AB-4865-8827-126C1A7E7D64}.Release|Any CPU.ActiveCfg = Release|Any CPU
		{D96334DF-05AB-4865-8827-126C1A7E7D64}.Release|Any CPU.Build.0 = Release|Any CPU
	EndGlobalSection
	GlobalSection(SolutionProperties) = preSolution
		HideSolutionNode = FALSE
	EndGlobalSection
	GlobalSection(ExtensibilityGlobals) = postSolution
		SolutionGuid = {EB34D13C-23C0-4A00-B728-F1FED8F43FA4}
	EndGlobalSection
EndGlobal
