
Microsoft Visual Studio Solution File, Format Version 12.00
# Visual Studio Version 16
VisualStudioVersion = 16.0.29306.81
MinimumVisualStudioVersion = 10.0.40219.1
Project("{FAE04EC0-301F-11D3-BF4B-00C04F79EFBC}") = "Lab_11", "Lab_11.csproj", "{D2D5E94F-5CB8-42DB-9180-4856ADD11B7D}"
EndProject
Project("{FAE04EC0-301F-11D3-BF4B-00C04F79EFBC}") = "Lab_11.2", "Lab_11.2\Lab_11.2.csproj", "{6D819CCD-EA14-4349-86BB-7EBC48AA95B5}"
EndProject
Global
	GlobalSection(SolutionConfigurationPlatforms) = preSolution
		Debug|Any CPU = Debug|Any CPU
		Release|Any CPU = Release|Any CPU
	EndGlobalSection
	GlobalSection(ProjectConfigurationPlatforms) = postSolution
		{D2D5E94F-5CB8-42DB-9180-4856ADD11B7D}.Debug|Any CPU.ActiveCfg = Debug|Any CPU
		{D2D5E94F-5CB8-42DB-9180-4856ADD11B7D}.Debug|Any CPU.Build.0 = Debug|Any CPU
		{D2D5E94F-5CB8-42DB-9180-4856ADD11B7D}.Release|Any CPU.ActiveCfg = Release|Any CPU
		{D2D5E94F-5CB8-42DB-9180-4856ADD11B7D}.Release|Any CPU.Build.0 = Release|Any CPU
		{6D819CCD-EA14-4349-86BB-7EBC48AA95B5}.Debug|Any CPU.ActiveCfg = Debug|Any CPU
		{6D819CCD-EA14-4349-86BB-7EBC48AA95B5}.Debug|Any CPU.Build.0 = Debug|Any CPU
		{6D819CCD-EA14-4349-86BB-7EBC48AA95B5}.Release|Any CPU.ActiveCfg = Release|Any CPU
		{6D819CCD-EA14-4349-86BB-7EBC48AA95B5}.Release|Any CPU.Build.0 = Release|Any CPU
	EndGlobalSection
	GlobalSection(SolutionProperties) = preSolution
		HideSolutionNode = FALSE
	EndGlobalSection
	GlobalSection(ExtensibilityGlobals) = postSolution
		SolutionGuid = {CDD5E6CB-593B-42CD-A7F6-56C02654FE7E}
	EndGlobalSection
EndGlobal
