
Microsoft Visual Studio Solution File, Format Version 12.00
# Visual Studio Version 16
VisualStudioVersion = 16.0.29306.81
MinimumVisualStudioVersion = 10.0.40219.1
Project("{FAE04EC0-301F-11D3-BF4B-00C04F79EFBC}") = "Lab_8", "Lab_8.csproj", "{31B064E0-3DB6-4CDE-8942-5398E11C306F}"
EndProject
Project("{FAE04EC0-301F-11D3-BF4B-00C04F79EFBC}") = "Lab_8_part2", "Lab_8_part2\Lab_8_part2.csproj", "{A9971598-0DB4-473A-AA5E-0DA2BC625554}"
EndProject
Global
	GlobalSection(SolutionConfigurationPlatforms) = preSolution
		Debug|Any CPU = Debug|Any CPU
		Release|Any CPU = Release|Any CPU
	EndGlobalSection
	GlobalSection(ProjectConfigurationPlatforms) = postSolution
		{31B064E0-3DB6-4CDE-8942-5398E11C306F}.Debug|Any CPU.ActiveCfg = Debug|Any CPU
		{31B064E0-3DB6-4CDE-8942-5398E11C306F}.Debug|Any CPU.Build.0 = Debug|Any CPU
		{31B064E0-3DB6-4CDE-8942-5398E11C306F}.Release|Any CPU.ActiveCfg = Release|Any CPU
		{31B064E0-3DB6-4CDE-8942-5398E11C306F}.Release|Any CPU.Build.0 = Release|Any CPU
		{A9971598-0DB4-473A-AA5E-0DA2BC625554}.Debug|Any CPU.ActiveCfg = Debug|Any CPU
		{A9971598-0DB4-473A-AA5E-0DA2BC625554}.Debug|Any CPU.Build.0 = Debug|Any CPU
		{A9971598-0DB4-473A-AA5E-0DA2BC625554}.Release|Any CPU.ActiveCfg = Release|Any CPU
		{A9971598-0DB4-473A-AA5E-0DA2BC625554}.Release|Any CPU.Build.0 = Release|Any CPU
	EndGlobalSection
	GlobalSection(SolutionProperties) = preSolution
		HideSolutionNode = FALSE
	EndGlobalSection
	GlobalSection(ExtensibilityGlobals) = postSolution
		SolutionGuid = {E3370EE4-39A1-48D3-B042-1F4E81D593B9}
	EndGlobalSection
EndGlobal
