
Microsoft Visual Studio Solution File, Format Version 12.00
# Visual Studio Version 16
VisualStudioVersion = 16.0.29306.81
MinimumVisualStudioVersion = 10.0.40219.1
Project("{FAE04EC0-301F-11D3-BF4B-00C04F79EFBC}") = "Sr_11.11", "Sr_11.11.csproj", "{FCCB4934-FB15-4E54-9E21-35C3BC3B6D6C}"
EndProject
Global
	GlobalSection(SolutionConfigurationPlatforms) = preSolution
		Debug|Any CPU = Debug|Any CPU
		Release|Any CPU = Release|Any CPU
	EndGlobalSection
	GlobalSection(ProjectConfigurationPlatforms) = postSolution
		{FCCB4934-FB15-4E54-9E21-35C3BC3B6D6C}.Debug|Any CPU.ActiveCfg = Debug|Any CPU
		{FCCB4934-FB15-4E54-9E21-35C3BC3B6D6C}.Debug|Any CPU.Build.0 = Debug|Any CPU
		{FCCB4934-FB15-4E54-9E21-35C3BC3B6D6C}.Release|Any CPU.ActiveCfg = Release|Any CPU
		{FCCB4934-FB15-4E54-9E21-35C3BC3B6D6C}.Release|Any CPU.Build.0 = Release|Any CPU
	EndGlobalSection
	GlobalSection(SolutionProperties) = preSolution
		HideSolutionNode = FALSE
	EndGlobalSection
	GlobalSection(ExtensibilityGlobals) = postSolution
		SolutionGuid = {5BF35B17-5C0D-469E-9E63-27C86C390475}
	EndGlobalSection
EndGlobal
