
Microsoft Visual Studio Solution File, Format Version 12.00
# Visual Studio Version 16
VisualStudioVersion = 16.0.29306.81
MinimumVisualStudioVersion = 10.0.40219.1
Project("{FAE04EC0-301F-11D3-BF4B-00C04F79EFBC}") = "Lab_7", "Lab_7.csproj", "{F4F62016-BD01-46BF-B3BE-F3BCAE38118B}"
EndProject
Global
	GlobalSection(SolutionConfigurationPlatforms) = preSolution
		Debug|Any CPU = Debug|Any CPU
		Release|Any CPU = Release|Any CPU
	EndGlobalSection
	GlobalSection(ProjectConfigurationPlatforms) = postSolution
		{F4F62016-BD01-46BF-B3BE-F3BCAE38118B}.Debug|Any CPU.ActiveCfg = Debug|Any CPU
		{F4F62016-BD01-46BF-B3BE-F3BCAE38118B}.Debug|Any CPU.Build.0 = Debug|Any CPU
		{F4F62016-BD01-46BF-B3BE-F3BCAE38118B}.Release|Any CPU.ActiveCfg = Release|Any CPU
		{F4F62016-BD01-46BF-B3BE-F3BCAE38118B}.Release|Any CPU.Build.0 = Release|Any CPU
	EndGlobalSection
	GlobalSection(SolutionProperties) = preSolution
		HideSolutionNode = FALSE
	EndGlobalSection
	GlobalSection(ExtensibilityGlobals) = postSolution
		SolutionGuid = {1675A877-720B-487A-8396-CF51A48FD699}
	EndGlobalSection
EndGlobal
