
Microsoft Visual Studio Solution File, Format Version 12.00
# Visual Studio Version 16
VisualStudioVersion = 16.0.29306.81
MinimumVisualStudioVersion = 10.0.40219.1
Project("{FAE04EC0-301F-11D3-BF4B-00C04F79EFBC}") = "Lab_6", "Lab_6.csproj", "{8D3465FF-1C13-4158-8EA5-ED5DDCE77744}"
EndProject
Global
	GlobalSection(SolutionConfigurationPlatforms) = preSolution
		Debug|Any CPU = Debug|Any CPU
		Release|Any CPU = Release|Any CPU
	EndGlobalSection
	GlobalSection(ProjectConfigurationPlatforms) = postSolution
		{8D3465FF-1C13-4158-8EA5-ED5DDCE77744}.Debug|Any CPU.ActiveCfg = Debug|Any CPU
		{8D3465FF-1C13-4158-8EA5-ED5DDCE77744}.Debug|Any CPU.Build.0 = Debug|Any CPU
		{8D3465FF-1C13-4158-8EA5-ED5DDCE77744}.Release|Any CPU.ActiveCfg = Release|Any CPU
		{8D3465FF-1C13-4158-8EA5-ED5DDCE77744}.Release|Any CPU.Build.0 = Release|Any CPU
	EndGlobalSection
	GlobalSection(SolutionProperties) = preSolution
		HideSolutionNode = FALSE
	EndGlobalSection
	GlobalSection(ExtensibilityGlobals) = postSolution
		SolutionGuid = {03B85074-8310-4264-9D47-DEB2BCE7526F}
	EndGlobalSection
EndGlobal
