
Microsoft Visual Studio Solution File, Format Version 12.00
# Visual Studio Version 16
VisualStudioVersion = 16.0.29306.81
MinimumVisualStudioVersion = 10.0.40219.1
Project("{FAE04EC0-301F-11D3-BF4B-00C04F79EFBC}") = "Lab_4", "Lab_4.csproj", "{C526970B-82C4-4C5A-AD5B-57E106859C93}"
EndProject
Global
	GlobalSection(SolutionConfigurationPlatforms) = preSolution
		Debug|Any CPU = Debug|Any CPU
		Release|Any CPU = Release|Any CPU
	EndGlobalSection
	GlobalSection(ProjectConfigurationPlatforms) = postSolution
		{C526970B-82C4-4C5A-AD5B-57E106859C93}.Debug|Any CPU.ActiveCfg = Debug|Any CPU
		{C526970B-82C4-4C5A-AD5B-57E106859C93}.Debug|Any CPU.Build.0 = Debug|Any CPU
		{C526970B-82C4-4C5A-AD5B-57E106859C93}.Release|Any CPU.ActiveCfg = Release|Any CPU
		{C526970B-82C4-4C5A-AD5B-57E106859C93}.Release|Any CPU.Build.0 = Release|Any CPU
	EndGlobalSection
	GlobalSection(SolutionProperties) = preSolution
		HideSolutionNode = FALSE
	EndGlobalSection
	GlobalSection(ExtensibilityGlobals) = postSolution
		SolutionGuid = {8DBE2419-E20B-492B-9181-86E8184B5D88}
	EndGlobalSection
EndGlobal
